
Microsoft Visual Studio Solution File, Format Version 12.00
# Visual Studio Express 2012 for Windows Desktop
Project("{8BC9CEB8-8B4A-11D0-8D11-00A0C91BC942}") = "IteratorTemplate2", "IteratorTemplate2\IteratorTemplate2.vcxproj", "{C20120DB-AEFD-41C7-8F5B-95C4B41D76DE}"
EndProject
Global
	GlobalSection(SolutionConfigurationPlatforms) = preSolution
		Debug|Win32 = Debug|Win32
		Release|Win32 = Release|Win32
	EndGlobalSection
	GlobalSection(ProjectConfigurationPlatforms) = postSolution
		{C20120DB-AEFD-41C7-8F5B-95C4B41D76DE}.Debug|Win32.ActiveCfg = Debug|Win32
		{C20120DB-AEFD-41C7-8F5B-95C4B41D76DE}.Debug|Win32.Build.0 = Debug|Win32
		{C20120DB-AEFD-41C7-8F5B-95C4B41D76DE}.Release|Win32.ActiveCfg = Release|Win32
		{C20120DB-AEFD-41C7-8F5B-95C4B41D76DE}.Release|Win32.Build.0 = Release|Win32
	EndGlobalSection
	GlobalSection(SolutionProperties) = preSolution
		HideSolutionNode = FALSE
	EndGlobalSection
EndGlobal
